// !$*UTF8*$!
{
	archiveVersion = 1;
	classes = {
	};
	objectVersion = 46;
	objects = {

/* Begin PBXBuildFile section */
		C9166EA61F0D866100DCF3E9 /* AppDelegate.swift in Sources */ = {isa = PBXBuildFile; fileRef = C9166EA51F0D866100DCF3E9 /* AppDelegate.swift */; };
		C9166EAD1F0D866100DCF3E9 /* Assets.xcassets in Resources */ = {isa = PBXBuildFile; fileRef = C9166EAC1F0D866100DCF3E9 /* Assets.xcassets */; };
		C9166EB01F0D866100DCF3E9 /* LaunchScreen.storyboard in Resources */ = {isa = PBXBuildFile; fileRef = C9166EAE1F0D866100DCF3E9 /* LaunchScreen.storyboard */; };
		C9166EB81F0D86B400DCF3E9 /* Main.storyboard in Resources */ = {isa = PBXBuildFile; fileRef = C9166EB71F0D86B400DCF3E9 /* Main.storyboard */; };
		C9166EBA1F0D86C400DCF3E9 /* ConversionViewController.swift in Sources */ = {isa = PBXBuildFile; fileRef = C9166EB91F0D86C400DCF3E9 /* ConversionViewController.swift */; };
		C9166EBD1F0D86F400DCF3E9 /* MapKit.framework in Frameworks */ = {isa = PBXBuildFile; fileRef = C9166EBC1F0D86F400DCF3E9 /* MapKit.framework */; };
		C9166EBF1F0D89D500DCF3E9 /* MapViewController.swift in Sources */ = {isa = PBXBuildFile; fileRef = C9166EBE1F0D89D500DCF3E9 /* MapViewController.swift */; };
		C9166EC11F0DC10300DCF3E9 /* WebViewController.swift in Sources */ = {isa = PBXBuildFile; fileRef = C9166EC01F0DC10300DCF3E9 /* WebViewController.swift */; };
/* End PBXBuildFile section */

/* Begin PBXFileReference section */
		C9166EA21F0D866100DCF3E9 /* Sample.app */ = {isa = PBXFileReference; explicitFileType = wrapper.application; includeInIndex = 0; path = Sample.app; sourceTree = BUILT_PRODUCTS_DIR; };
		C9166EA51F0D866100DCF3E9 /* AppDelegate.swift */ = {isa = PBXFileReference; lastKnownFileType = sourcecode.swift; path = AppDelegate.swift; sourceTree = "<group>"; };
		C9166EAC1F0D866100DCF3E9 /* Assets.xcassets */ = {isa = PBXFileReference; lastKnownFileType = folder.assetcatalog; path = Assets.xcassets; sourceTree = "<group>"; };
		C9166EAF1F0D866100DCF3E9 /* Base */ = {isa = PBXFileReference; lastKnownFileType = file.storyboard; name = Base; path = Base.lproj/LaunchScreen.storyboard; sourceTree = "<group>"; };
		C9166EB11F0D866100DCF3E9 /* Info.plist */ = {isa = PBXFileReference; lastKnownFileType = text.plist.xml; path = Info.plist; sourceTree = "<group>"; };
		C9166EB71F0D86B400DCF3E9 /* Main.storyboard */ = {isa = PBXFileReference; fileEncoding = 4; lastKnownFileType = file.storyboard; path = Main.storyboard; sourceTree = "<group>"; };
		C9166EB91F0D86C400DCF3E9 /* ConversionViewController.swift */ = {isa = PBXFileReference; fileEncoding = 4; lastKnownFileType = sourcecode.swift; path = ConversionViewController.swift; sourceTree = "<group>"; };
		C9166EBC1F0D86F400DCF3E9 /* MapKit.framework */ = {isa = PBXFileReference; lastKnownFileType = wrapper.framework; name = MapKit.framework; path = System/Library/Frameworks/MapKit.framework; sourceTree = SDKROOT; };
		C9166EBE1F0D89D500DCF3E9 /* MapViewController.swift */ = {isa = PBXFileReference; fileEncoding = 4; lastKnownFileType = sourcecode.swift; path = MapViewController.swift; sourceTree = "<group>"; };
		C9166EC01F0DC10300DCF3E9 /* WebViewController.swift */ = {isa = PBXFileReference; fileEncoding = 4; lastKnownFileType = sourcecode.swift; path = WebViewController.swift; sourceTree = "<group>"; };
/* End PBXFileReference section */

/* Begin PBXFrameworksBuildPhase section */
		C9166E9F1F0D866100DCF3E9 /* Frameworks */ = {
			isa = PBXFrameworksBuildPhase;
			buildActionMask = 2147483647;
			files = (
				C9166EBD1F0D86F400DCF3E9 /* MapKit.framework in Frameworks */,
			);
			runOnlyForDeploymentPostprocessing = 0;
		};
/* End PBXFrameworksBuildPhase section */

/* Begin PBXGroup section */
		C9166E991F0D866100DCF3E9 = {
			isa = PBXGroup;
			children = (
				C9166EA41F0D866100DCF3E9 /* Sample */,
				C9166EA31F0D866100DCF3E9 /* Products */,
				C9166EBB1F0D86F400DCF3E9 /* Frameworks */,
			);
			sourceTree = "<group>";
		};
		C9166EA31F0D866100DCF3E9 /* Products */ = {
			isa = PBXGroup;
			children = (
				C9166EA21F0D866100DCF3E9 /* Sample.app */,
			);
			name = Products;
			sourceTree = "<group>";
		};
		C9166EA41F0D866100DCF3E9 /* Sample */ = {
			isa = PBXGroup;
			children = (
				C9166EA51F0D866100DCF3E9 /* AppDelegate.swift */,
				C9166EB91F0D86C400DCF3E9 /* ConversionViewController.swift */,
				C9166EBE1F0D89D500DCF3E9 /* MapViewController.swift */,
				C9166EC01F0DC10300DCF3E9 /* WebViewController.swift */,
				C9166EB71F0D86B400DCF3E9 /* Main.storyboard */,
				C9166EAC1F0D866100DCF3E9 /* Assets.xcassets */,
				C9166EAE1F0D866100DCF3E9 /* LaunchScreen.storyboard */,
				C9166EB11F0D866100DCF3E9 /* Info.plist */,
			);
			path = Sample;
			sourceTree = "<group>";
		};
		C9166EBB1F0D86F400DCF3E9 /* Frameworks */ = {
			isa = PBXGroup;
			children = (
				C9166EBC1F0D86F400DCF3E9 /* MapKit.framework */,
			);
			name = Frameworks;
			sourceTree = "<group>";
		};
/* End PBXGroup section */

/* Begin PBXNativeTarget section */
		C9166EA11F0D866100DCF3E9 /* Sample */ = {
			isa = PBXNativeTarget;
			buildConfigurationList = C9166EB41F0D866100DCF3E9 /* Build configuration list for PBXNativeTarget "Sample" */;
			buildPhases = (
				C9166E9E1F0D866100DCF3E9 /* Sources */,
				C9166E9F1F0D866100DCF3E9 /* Frameworks */,
				C9166EA01F0D866100DCF3E9 /* Resources */,
			);
			buildRules = (
			);
			dependencies = (
			);
			name = Sample;
			productName = Sample;
			productReference = C9166EA21F0D866100DCF3E9 /* Sample.app */;
			productType = "com.apple.product-type.application";
		};
/* End PBXNativeTarget section */

/* Begin PBXProject section */
		C9166E9A1F0D866100DCF3E9 /* Project object */ = {
			isa = PBXProject;
			attributes = {
				LastSwiftUpdateCheck = 0830;
				LastUpgradeCheck = 0830;
				ORGANIZATIONNAME = yangpc;
				TargetAttributes = {
					C9166EA11F0D866100DCF3E9 = {
						CreatedOnToolsVersion = 8.3.3;
						ProvisioningStyle = Automatic;
					};
				};
			};
			buildConfigurationList = C9166E9D1F0D866100DCF3E9 /* Build configuration list for PBXProject "Sample" */;
			compatibilityVersion = "Xcode 3.2";
			developmentRegion = English;
			hasScannedForEncodings = 0;
			knownRegions = (
				en,
				Base,
			);
			mainGroup = C9166E991F0D866100DCF3E9;
			productRefGroup = C9166EA31F0D866100DCF3E9 /* Products */;
			projectDirPath = "";
			projectRoot = "";
			targets = (
				C9166EA11F0D866100DCF3E9 /* Sample */,
			);
		};
/* End PBXProject section */

/* Begin PBXResourcesBuildPhase section */
		C9166EA01F0D866100DCF3E9 /* Resources */ = {
			isa = PBXResourcesBuildPhase;
			buildActionMask = 2147483647;
			files = (
				C9166EB01F0D866100DCF3E9 /* LaunchScreen.storyboard in Resources */,
				C9166EAD1F0D866100DCF3E9 /* Assets.xcassets in Resources */,
				C9166EB81F0D86B400DCF3E9 /* Main.storyboard in Resources */,
			);
			runOnlyForDeploymentPostprocessing = 0;
		};
/* End PBXResourcesBuildPhase section */

/* Begin PBXSourcesBuildPhase section */
		C9166E9E1F0D866100DCF3E9 /* Sources */ = {
			isa = PBXSourcesBuildPhase;
			buildActionMask = 2147483647;
			files = (
				C9166EBA1F0D86C400DCF3E9 /* ConversionViewController.swift in Sources */,
				C9166EBF1F0D89D500DCF3E9 /* MapViewController.swift in Sources */,
				C9166EA61F0D866100DCF3E9 /* AppDelegate.swift in Sources */,
				C9166EC11F0DC10300DCF3E9 /* WebViewController.swift in Sources */,
			);
			runOnlyForDeploymentPostprocessing = 0;
		};
/* End PBXSourcesBuildPhase section */

/* Begin PBXVariantGroup section */
		C9166EAE1F0D866100DCF3E9 /* LaunchScreen.storyboard */ = {
			isa = PBXVariantGroup;
			children = (
				C9166EAF1F0D866100DCF3E9 /* Base */,
			);
			name = LaunchScreen.storyboard;
			sourceTree = "<group>";
		};
/* End PBXVariantGroup section */

/* Begin XCBuildConfiguration section */
		C9166EB21F0D866100DCF3E9 /* Debug */ = {
			isa = XCBuildConfiguration;
			buildSettings = {
				ALWAYS_SEARCH_USER_PATHS = NO;
				CLANG_ANALYZER_NONNULL = YES;
				CLANG_ANALYZER_NUMBER_OBJECT_CONVERSION = YES_AGGRESSIVE;
				CLANG_CXX_LANGUAGE_STANDARD = "gnu++0x";
				CLANG_CXX_LIBRARY = "libc++";
				CLANG_ENABLE_MODULES = YES;
				CLANG_ENABLE_OBJC_ARC = YES;
				CLANG_WARN_BOOL_CONVERSION = YES;
				CLANG_WARN_CONSTANT_CONVERSION = YES;
				CLANG_WARN_DIRECT_OBJC_ISA_USAGE = YES_ERROR;
				CLANG_WARN_DOCUMENTATION_COMMENTS = YES;
				CLANG_WARN_EMPTY_BODY = YES;
				CLANG_WARN_ENUM_CONVERSION = YES;
				CLANG_WARN_INFINITE_RECURSION = YES;
				CLANG_WARN_INT_CONVERSION = YES;
				CLANG_WARN_OBJC_ROOT_CLASS = YES_ERROR;
				CLANG_WARN_SUSPICIOUS_MOVE = YES;
				CLANG_WARN_UNREACHABLE_CODE = YES;
				CLANG_WARN__DUPLICATE_METHOD_MATCH = YES;
				"CODE_SIGN_IDENTITY[sdk=iphoneos*]" = "iPhone Developer";
				COPY_PHASE_STRIP = NO;
				DEBUG_INFORMATION_FORMAT = dwarf;
				ENABLE_STRICT_OBJC_MSGSEND = YES;
				ENABLE_TESTABILITY = YES;
				GCC_C_LANGUAGE_STANDARD = gnu99;
				GCC_DYNAMIC_NO_PIC = NO;
				GCC_NO_COMMON_BLOCKS = YES;
				GCC_OPTIMIZATION_LEVEL = 0;
				GCC_PREPROCESSOR_DEFINITIONS = (
					"DEBUG=1",
					"$(inherited)",
				);
				GCC_WARN_64_TO_32_BIT_CONVERSION = YES;
				GCC_WARN_ABOUT_RETURN_TYPE = YES_ERROR;
				GCC_WARN_UNDECLARED_SELECTOR = YES;
				GCC_WARN_UNINITIALIZED_AUTOS = YES_AGGRESSIVE;
				GCC_WARN_UNUSED_FUNCTION = YES;
				GCC_WARN_UNUSED_VARIABLE = YES;
				IPHONEOS_DEPLOYMENT_TARGET = 10.3;
				MTL_ENABLE_DEBUG_INFO = YES;
				ONLY_ACTIVE_ARCH = YES;
				SDKROOT = iphoneos;
				SWIFT_ACTIVE_COMPILATION_CONDITIONS = DEBUG;
				SWIFT_OPTIMIZATION_LEVEL = "-Onone";
				TARGETED_DEVICE_FAMILY = "1,2";
			};
			name = Debug;
		};
		C9166EB31F0D866100DCF3E9 /* Release */ = {
			isa = XCBuildConfiguration;
			buildSettings = {
				ALWAYS_SEARCH_USER_PATHS = NO;
				CLANG_ANALYZER_NONNULL = YES;
				CLANG_ANALYZER_NUMBER_OBJECT_CONVERSION = YES_AGGRESSIVE;
				CLANG_CXX_LANGUAGE_STANDARD = "gnu++0x";
				CLANG_CXX_LIBRARY = "libc++";
				CLANG_ENABLE_MODULES = YES;
				CLANG_ENABLE_OBJC_ARC = YES;
				CLANG_WARN_BOOL_CONVERSION = YES;
				CLANG_WARN_CONSTANT_CONVERSION = YES;
				CLANG_WARN_DIRECT_OBJC_ISA_USAGE = YES_ERROR;
				CLANG_WARN_DOCUMENTATION_COMMENTS = YES;
				CLANG_WARN_EMPTY_BODY = YES;
				CLANG_WARN_ENUM_CONVERSION = YES;
				CLANG_WARN_INFINITE_RECURSION = YES;
				CLANG_WARN_INT_CONVERSION = YES;
				CLANG_WARN_OBJC_ROOT_CLASS = YES_ERROR;
				CLANG_WARN_SUSPICIOUS_MOVE = YES;
				CLANG_WARN_UNREACHABLE_CODE = YES;
				CLANG_WARN__DUPLICATE_METHOD_MATCH = YES;
				"CODE_SIGN_IDENTITY[sdk=iphoneos*]" = "iPhone Developer";
				COPY_PHASE_STRIP = NO;
				DEBUG_INFORMATION_FORMAT = "dwarf-with-dsym";
				ENABLE_NS_ASSERTIONS = NO;
				ENABLE_STRICT_OBJC_MSGSEND = YES;
				GCC_C_LANGUAGE_STANDARD = gnu99;
				GCC_NO_COMMON_BLOCKS = YES;
				GCC_WARN_64_TO_32_BIT_CONVERSION = YES;
				GCC_WARN_ABOUT_RETURN_TYPE = YES_ERROR;
				GCC_WARN_UNDECLARED_SELECTOR = YES;
				GCC_WARN_UNINITIALIZED_AUTOS = YES_AGGRESSIVE;
				GCC_WARN_UNUSED_FUNCTION = YES;
				GCC_WARN_UNUSED_VARIABLE = YES;
				IPHONEOS_DEPLOYMENT_TARGET = 10.3;
				MTL_ENABLE_DEBUG_INFO = NO;
				SDKROOT = iphoneos;
				SWIFT_OPTIMIZATION_LEVEL = "-Owholemodule";
				TARGETED_DEVICE_FAMILY = "1,2";
				VALIDATE_PRODUCT = YES;
			};
			name = Release;
		};
		C9166EB51F0D866100DCF3E9 /* Debug */ = {
			isa = XCBuildConfiguration;
			buildSettings = {
				ASSETCATALOG_COMPILER_APPICON_NAME = AppIcon;
				INFOPLIST_FILE = Sample/Info.plist;
				LD_RUNPATH_SEARCH_PATHS = "$(inherited) @executable_path/Frameworks";
				PRODUCT_BUNDLE_IDENTIFIER = com.yourcompony.Sample;
				PRODUCT_NAME = "$(TARGET_NAME)";
				SWIFT_VERSION = 3.0;
			};
			name = Debug;
		};
		C9166EB61F0D866100DCF3E9 /* Release */ = {
			isa = XCBuildConfiguration;
			buildSettings = {
				ASSETCATALOG_COMPILER_APPICON_NAME = AppIcon;
				INFOPLIST_FILE = Sample/Info.plist;
				LD_RUNPATH_SEARCH_PATHS = "$(inherited) @executable_path/Frameworks";
				PRODUCT_BUNDLE_IDENTIFIER = com.yourcompony.Sample;
				PRODUCT_NAME = "$(TARGET_NAME)";
				SWIFT_VERSION = 3.0;
			};
			name = Release;
		};
/* End XCBuildConfiguration section */

/* Begin XCConfigurationList section */
		C9166E9D1F0D866100DCF3E9 /* Build configuration list for PBXProject "Sample" */ = {
			isa = XCConfigurationList;
			buildConfigurations = (
				C9166EB21F0D866100DCF3E9 /* Debug */,
				C9166EB31F0D866100DCF3E9 /* Release */,
			);
			defaultConfigurationIsVisible = 0;
			defaultConfigurationName = Release;
		};
		C9166EB41F0D866100DCF3E9 /* Build configuration list for PBXNativeTarget "Sample" */ = {
			isa = XCConfigurationList;
			buildConfigurations = (
				C9166EB51F0D866100DCF3E9 /* Debug */,
				C9166EB61F0D866100DCF3E9 /* Release */,
			);
			defaultConfigurationIsVisible = 0;
			defaultConfigurationName = Release;
		};
/* End XCConfigurationList section */
	};
	rootObject = C9166E9A1F0D866100DCF3E9 /* Project object */;
}
