// !$*UTF8*$!
{
	archiveVersion = 1;
	classes = {
	};
	objectVersion = 46;
	objects = {

/* Begin PBXBuildFile section */
		C9166FDE1F1AD73D00DCF3E9 /* AppDelegate.swift in Sources */ = {isa = PBXBuildFile; fileRef = C9166FDD1F1AD73D00DCF3E9 /* AppDelegate.swift */; };
		C9166FE31F1AD73D00DCF3E9 /* Main.storyboard in Resources */ = {isa = PBXBuildFile; fileRef = C9166FE11F1AD73D00DCF3E9 /* Main.storyboard */; };
		C9166FE51F1AD73D00DCF3E9 /* Assets.xcassets in Resources */ = {isa = PBXBuildFile; fileRef = C9166FE41F1AD73D00DCF3E9 /* Assets.xcassets */; };
		C9166FE81F1AD73D00DCF3E9 /* LaunchScreen.storyboard in Resources */ = {isa = PBXBuildFile; fileRef = C9166FE61F1AD73D00DCF3E9 /* LaunchScreen.storyboard */; };
		C9166FF01F1AE2EA00DCF3E9 /* ItemsViewController.swift in Sources */ = {isa = PBXBuildFile; fileRef = C9166FEF1F1AE2EA00DCF3E9 /* ItemsViewController.swift */; };
		C9166FF21F1AE57900DCF3E9 /* Item.swift in Sources */ = {isa = PBXBuildFile; fileRef = C9166FF11F1AE57900DCF3E9 /* Item.swift */; };
		C9166FF41F1AED7D00DCF3E9 /* ItemStore.swift in Sources */ = {isa = PBXBuildFile; fileRef = C9166FF31F1AED7D00DCF3E9 /* ItemStore.swift */; };
/* End PBXBuildFile section */

/* Begin PBXFileReference section */
		C9166FDA1F1AD73D00DCF3E9 /* Homepwner.app */ = {isa = PBXFileReference; explicitFileType = wrapper.application; includeInIndex = 0; path = Homepwner.app; sourceTree = BUILT_PRODUCTS_DIR; };
		C9166FDD1F1AD73D00DCF3E9 /* AppDelegate.swift */ = {isa = PBXFileReference; lastKnownFileType = sourcecode.swift; path = AppDelegate.swift; sourceTree = "<group>"; };
		C9166FE21F1AD73D00DCF3E9 /* Base */ = {isa = PBXFileReference; lastKnownFileType = file.storyboard; name = Base; path = Base.lproj/Main.storyboard; sourceTree = "<group>"; };
		C9166FE41F1AD73D00DCF3E9 /* Assets.xcassets */ = {isa = PBXFileReference; lastKnownFileType = folder.assetcatalog; path = Assets.xcassets; sourceTree = "<group>"; };
		C9166FE71F1AD73D00DCF3E9 /* Base */ = {isa = PBXFileReference; lastKnownFileType = file.storyboard; name = Base; path = Base.lproj/LaunchScreen.storyboard; sourceTree = "<group>"; };
		C9166FE91F1AD73D00DCF3E9 /* Info.plist */ = {isa = PBXFileReference; lastKnownFileType = text.plist.xml; path = Info.plist; sourceTree = "<group>"; };
		C9166FEF1F1AE2EA00DCF3E9 /* ItemsViewController.swift */ = {isa = PBXFileReference; fileEncoding = 4; lastKnownFileType = sourcecode.swift; path = ItemsViewController.swift; sourceTree = "<group>"; };
		C9166FF11F1AE57900DCF3E9 /* Item.swift */ = {isa = PBXFileReference; fileEncoding = 4; lastKnownFileType = sourcecode.swift; path = Item.swift; sourceTree = "<group>"; };
		C9166FF31F1AED7D00DCF3E9 /* ItemStore.swift */ = {isa = PBXFileReference; fileEncoding = 4; lastKnownFileType = sourcecode.swift; path = ItemStore.swift; sourceTree = "<group>"; };
/* End PBXFileReference section */

/* Begin PBXFrameworksBuildPhase section */
		C9166FD71F1AD73D00DCF3E9 /* Frameworks */ = {
			isa = PBXFrameworksBuildPhase;
			buildActionMask = 2147483647;
			files = (
			);
			runOnlyForDeploymentPostprocessing = 0;
		};
/* End PBXFrameworksBuildPhase section */

/* Begin PBXGroup section */
		C9166FD11F1AD73D00DCF3E9 = {
			isa = PBXGroup;
			children = (
				C9166FDC1F1AD73D00DCF3E9 /* Homepwner */,
				C9166FDB1F1AD73D00DCF3E9 /* Products */,
			);
			sourceTree = "<group>";
		};
		C9166FDB1F1AD73D00DCF3E9 /* Products */ = {
			isa = PBXGroup;
			children = (
				C9166FDA1F1AD73D00DCF3E9 /* Homepwner.app */,
			);
			name = Products;
			sourceTree = "<group>";
		};
		C9166FDC1F1AD73D00DCF3E9 /* Homepwner */ = {
			isa = PBXGroup;
			children = (
				C9166FDD1F1AD73D00DCF3E9 /* AppDelegate.swift */,
				C9166FF11F1AE57900DCF3E9 /* Item.swift */,
				C9166FF31F1AED7D00DCF3E9 /* ItemStore.swift */,
				C9166FEF1F1AE2EA00DCF3E9 /* ItemsViewController.swift */,
				C9166FE11F1AD73D00DCF3E9 /* Main.storyboard */,
				C9166FE41F1AD73D00DCF3E9 /* Assets.xcassets */,
				C9166FE61F1AD73D00DCF3E9 /* LaunchScreen.storyboard */,
				C9166FE91F1AD73D00DCF3E9 /* Info.plist */,
			);
			path = Homepwner;
			sourceTree = "<group>";
		};
/* End PBXGroup section */

/* Begin PBXNativeTarget section */
		C9166FD91F1AD73D00DCF3E9 /* Homepwner */ = {
			isa = PBXNativeTarget;
			buildConfigurationList = C9166FEC1F1AD73D00DCF3E9 /* Build configuration list for PBXNativeTarget "Homepwner" */;
			buildPhases = (
				C9166FD61F1AD73D00DCF3E9 /* Sources */,
				C9166FD71F1AD73D00DCF3E9 /* Frameworks */,
				C9166FD81F1AD73D00DCF3E9 /* Resources */,
			);
			buildRules = (
			);
			dependencies = (
			);
			name = Homepwner;
			productName = Homepwner;
			productReference = C9166FDA1F1AD73D00DCF3E9 /* Homepwner.app */;
			productType = "com.apple.product-type.application";
		};
/* End PBXNativeTarget section */

/* Begin PBXProject section */
		C9166FD21F1AD73D00DCF3E9 /* Project object */ = {
			isa = PBXProject;
			attributes = {
				LastSwiftUpdateCheck = 0830;
				LastUpgradeCheck = 0830;
				ORGANIZATIONNAME = yangpc;
				TargetAttributes = {
					C9166FD91F1AD73D00DCF3E9 = {
						CreatedOnToolsVersion = 8.3.3;
						ProvisioningStyle = Automatic;
					};
				};
			};
			buildConfigurationList = C9166FD51F1AD73D00DCF3E9 /* Build configuration list for PBXProject "Homepwner" */;
			compatibilityVersion = "Xcode 3.2";
			developmentRegion = English;
			hasScannedForEncodings = 0;
			knownRegions = (
				en,
				Base,
			);
			mainGroup = C9166FD11F1AD73D00DCF3E9;
			productRefGroup = C9166FDB1F1AD73D00DCF3E9 /* Products */;
			projectDirPath = "";
			projectRoot = "";
			targets = (
				C9166FD91F1AD73D00DCF3E9 /* Homepwner */,
			);
		};
/* End PBXProject section */

/* Begin PBXResourcesBuildPhase section */
		C9166FD81F1AD73D00DCF3E9 /* Resources */ = {
			isa = PBXResourcesBuildPhase;
			buildActionMask = 2147483647;
			files = (
				C9166FE81F1AD73D00DCF3E9 /* LaunchScreen.storyboard in Resources */,
				C9166FE51F1AD73D00DCF3E9 /* Assets.xcassets in Resources */,
				C9166FE31F1AD73D00DCF3E9 /* Main.storyboard in Resources */,
			);
			runOnlyForDeploymentPostprocessing = 0;
		};
/* End PBXResourcesBuildPhase section */

/* Begin PBXSourcesBuildPhase section */
		C9166FD61F1AD73D00DCF3E9 /* Sources */ = {
			isa = PBXSourcesBuildPhase;
			buildActionMask = 2147483647;
			files = (
				C9166FF01F1AE2EA00DCF3E9 /* ItemsViewController.swift in Sources */,
				C9166FF21F1AE57900DCF3E9 /* Item.swift in Sources */,
				C9166FF41F1AED7D00DCF3E9 /* ItemStore.swift in Sources */,
				C9166FDE1F1AD73D00DCF3E9 /* AppDelegate.swift in Sources */,
			);
			runOnlyForDeploymentPostprocessing = 0;
		};
/* End PBXSourcesBuildPhase section */

/* Begin PBXVariantGroup section */
		C9166FE11F1AD73D00DCF3E9 /* Main.storyboard */ = {
			isa = PBXVariantGroup;
			children = (
				C9166FE21F1AD73D00DCF3E9 /* Base */,
			);
			name = Main.storyboard;
			sourceTree = "<group>";
		};
		C9166FE61F1AD73D00DCF3E9 /* LaunchScreen.storyboard */ = {
			isa = PBXVariantGroup;
			children = (
				C9166FE71F1AD73D00DCF3E9 /* Base */,
			);
			name = LaunchScreen.storyboard;
			sourceTree = "<group>";
		};
/* End PBXVariantGroup section */

/* Begin XCBuildConfiguration section */
		C9166FEA1F1AD73D00DCF3E9 /* Debug */ = {
			isa = XCBuildConfiguration;
			buildSettings = {
				ALWAYS_SEARCH_USER_PATHS = NO;
				CLANG_ANALYZER_NONNULL = YES;
				CLANG_ANALYZER_NUMBER_OBJECT_CONVERSION = YES_AGGRESSIVE;
				CLANG_CXX_LANGUAGE_STANDARD = "gnu++0x";
				CLANG_CXX_LIBRARY = "libc++";
				CLANG_ENABLE_MODULES = YES;
				CLANG_ENABLE_OBJC_ARC = YES;
				CLANG_WARN_BOOL_CONVERSION = YES;
				CLANG_WARN_CONSTANT_CONVERSION = YES;
				CLANG_WARN_DIRECT_OBJC_ISA_USAGE = YES_ERROR;
				CLANG_WARN_DOCUMENTATION_COMMENTS = YES;
				CLANG_WARN_EMPTY_BODY = YES;
				CLANG_WARN_ENUM_CONVERSION = YES;
				CLANG_WARN_INFINITE_RECURSION = YES;
				CLANG_WARN_INT_CONVERSION = YES;
				CLANG_WARN_OBJC_ROOT_CLASS = YES_ERROR;
				CLANG_WARN_SUSPICIOUS_MOVE = YES;
				CLANG_WARN_UNREACHABLE_CODE = YES;
				CLANG_WARN__DUPLICATE_METHOD_MATCH = YES;
				"CODE_SIGN_IDENTITY[sdk=iphoneos*]" = "iPhone Developer";
				COPY_PHASE_STRIP = NO;
				DEBUG_INFORMATION_FORMAT = dwarf;
				ENABLE_STRICT_OBJC_MSGSEND = YES;
				ENABLE_TESTABILITY = YES;
				GCC_C_LANGUAGE_STANDARD = gnu99;
				GCC_DYNAMIC_NO_PIC = NO;
				GCC_NO_COMMON_BLOCKS = YES;
				GCC_OPTIMIZATION_LEVEL = 0;
				GCC_PREPROCESSOR_DEFINITIONS = (
					"DEBUG=1",
					"$(inherited)",
				);
				GCC_WARN_64_TO_32_BIT_CONVERSION = YES;
				GCC_WARN_ABOUT_RETURN_TYPE = YES_ERROR;
				GCC_WARN_UNDECLARED_SELECTOR = YES;
				GCC_WARN_UNINITIALIZED_AUTOS = YES_AGGRESSIVE;
				GCC_WARN_UNUSED_FUNCTION = YES;
				GCC_WARN_UNUSED_VARIABLE = YES;
				IPHONEOS_DEPLOYMENT_TARGET = 10.3;
				MTL_ENABLE_DEBUG_INFO = YES;
				ONLY_ACTIVE_ARCH = YES;
				SDKROOT = iphoneos;
				SWIFT_ACTIVE_COMPILATION_CONDITIONS = DEBUG;
				SWIFT_OPTIMIZATION_LEVEL = "-Onone";
				TARGETED_DEVICE_FAMILY = "1,2";
			};
			name = Debug;
		};
		C9166FEB1F1AD73D00DCF3E9 /* Release */ = {
			isa = XCBuildConfiguration;
			buildSettings = {
				ALWAYS_SEARCH_USER_PATHS = NO;
				CLANG_ANALYZER_NONNULL = YES;
				CLANG_ANALYZER_NUMBER_OBJECT_CONVERSION = YES_AGGRESSIVE;
				CLANG_CXX_LANGUAGE_STANDARD = "gnu++0x";
				CLANG_CXX_LIBRARY = "libc++";
				CLANG_ENABLE_MODULES = YES;
				CLANG_ENABLE_OBJC_ARC = YES;
				CLANG_WARN_BOOL_CONVERSION = YES;
				CLANG_WARN_CONSTANT_CONVERSION = YES;
				CLANG_WARN_DIRECT_OBJC_ISA_USAGE = YES_ERROR;
				CLANG_WARN_DOCUMENTATION_COMMENTS = YES;
				CLANG_WARN_EMPTY_BODY = YES;
				CLANG_WARN_ENUM_CONVERSION = YES;
				CLANG_WARN_INFINITE_RECURSION = YES;
				CLANG_WARN_INT_CONVERSION = YES;
				CLANG_WARN_OBJC_ROOT_CLASS = YES_ERROR;
				CLANG_WARN_SUSPICIOUS_MOVE = YES;
				CLANG_WARN_UNREACHABLE_CODE = YES;
				CLANG_WARN__DUPLICATE_METHOD_MATCH = YES;
				"CODE_SIGN_IDENTITY[sdk=iphoneos*]" = "iPhone Developer";
				COPY_PHASE_STRIP = NO;
				DEBUG_INFORMATION_FORMAT = "dwarf-with-dsym";
				ENABLE_NS_ASSERTIONS = NO;
				ENABLE_STRICT_OBJC_MSGSEND = YES;
				GCC_C_LANGUAGE_STANDARD = gnu99;
				GCC_NO_COMMON_BLOCKS = YES;
				GCC_WARN_64_TO_32_BIT_CONVERSION = YES;
				GCC_WARN_ABOUT_RETURN_TYPE = YES_ERROR;
				GCC_WARN_UNDECLARED_SELECTOR = YES;
				GCC_WARN_UNINITIALIZED_AUTOS = YES_AGGRESSIVE;
				GCC_WARN_UNUSED_FUNCTION = YES;
				GCC_WARN_UNUSED_VARIABLE = YES;
				IPHONEOS_DEPLOYMENT_TARGET = 10.3;
				MTL_ENABLE_DEBUG_INFO = NO;
				SDKROOT = iphoneos;
				SWIFT_OPTIMIZATION_LEVEL = "-Owholemodule";
				TARGETED_DEVICE_FAMILY = "1,2";
				VALIDATE_PRODUCT = YES;
			};
			name = Release;
		};
		C9166FED1F1AD73D00DCF3E9 /* Debug */ = {
			isa = XCBuildConfiguration;
			buildSettings = {
				ASSETCATALOG_COMPILER_APPICON_NAME = AppIcon;
				INFOPLIST_FILE = Homepwner/Info.plist;
				LD_RUNPATH_SEARCH_PATHS = "$(inherited) @executable_path/Frameworks";
				PRODUCT_BUNDLE_IDENTIFIER = com.yourcompony.Homepwner;
				PRODUCT_NAME = "$(TARGET_NAME)";
				SWIFT_VERSION = 3.0;
			};
			name = Debug;
		};
		C9166FEE1F1AD73D00DCF3E9 /* Release */ = {
			isa = XCBuildConfiguration;
			buildSettings = {
				ASSETCATALOG_COMPILER_APPICON_NAME = AppIcon;
				INFOPLIST_FILE = Homepwner/Info.plist;
				LD_RUNPATH_SEARCH_PATHS = "$(inherited) @executable_path/Frameworks";
				PRODUCT_BUNDLE_IDENTIFIER = com.yourcompony.Homepwner;
				PRODUCT_NAME = "$(TARGET_NAME)";
				SWIFT_VERSION = 3.0;
			};
			name = Release;
		};
/* End XCBuildConfiguration section */

/* Begin XCConfigurationList section */
		C9166FD51F1AD73D00DCF3E9 /* Build configuration list for PBXProject "Homepwner" */ = {
			isa = XCConfigurationList;
			buildConfigurations = (
				C9166FEA1F1AD73D00DCF3E9 /* Debug */,
				C9166FEB1F1AD73D00DCF3E9 /* Release */,
			);
			defaultConfigurationIsVisible = 0;
			defaultConfigurationName = Release;
		};
		C9166FEC1F1AD73D00DCF3E9 /* Build configuration list for PBXNativeTarget "Homepwner" */ = {
			isa = XCConfigurationList;
			buildConfigurations = (
				C9166FED1F1AD73D00DCF3E9 /* Debug */,
				C9166FEE1F1AD73D00DCF3E9 /* Release */,
			);
			defaultConfigurationIsVisible = 0;
		};
/* End XCConfigurationList section */
	};
	rootObject = C9166FD21F1AD73D00DCF3E9 /* Project object */;
}
